
Microsoft Visual Studio Solution File, Format Version 12.00
# Visual Studio Version 16
VisualStudioVersion = 16.0.29411.108
MinimumVisualStudioVersion = 10.0.40219.1
Project("{2150E333-8FDC-42A3-9474-1A3956D46DE8}") = "Application", "Application", "{CE7A2198-5A09-4666-9202-D8B36EB3160C}"
EndProject
Project("{9A19103F-16F7-4668-BE54-9A1E7A4F7556}") = "ConsoleClient", "Application\ConsoleClient\ConsoleClient.csproj", "{6929ABF1-1820-4076-A571-9C838B636D96}"
EndProject
Project("{2150E333-8FDC-42A3-9474-1A3956D46DE8}") = "Test", "Test", "{90434482-5728-4FE6-9EB9-44B0C66820E8}"
EndProject
Project("{9A19103F-16F7-4668-BE54-9A1E7A4F7556}") = "Application.Test", "Test\Application.Test\Application.Test.csproj", "{739F05EC-238E-4CA2-9664-391C15C1F014}"
EndProject
Project("{9A19103F-16F7-4668-BE54-9A1E7A4F7556}") = "Domain.Test", "Test\Domain.Test\Domain.Test.csproj", "{C47E8F0F-020D-484A-8B1F-9E7EEC30423A}"
EndProject
Project("{9A19103F-16F7-4668-BE54-9A1E7A4F7556}") = "Domain", "Domain\Domain.csproj", "{D42240E3-4B53-4F05-AA56-BA11ABF9A194}"
EndProject
Project("{9A19103F-16F7-4668-BE54-9A1E7A4F7556}") = "Infrastructure", "Infrastructure\Infrastructure.csproj", "{F0E73E4F-1AF3-4795-93C1-5D768EDD5583}"
EndProject
Project("{9A19103F-16F7-4668-BE54-9A1E7A4F7556}") = "Infrastructure.Test", "Test\Infrastructure.Test\Infrastructure.Test.csproj", "{60B82FC4-56A2-4C89-806E-7FBAF6357D4A}"
EndProject
Global
	GlobalSection(SolutionConfigurationPlatforms) = preSolution
		Debug|Any CPU = Debug|Any CPU
		Release|Any CPU = Release|Any CPU
	EndGlobalSection
	GlobalSection(ProjectConfigurationPlatforms) = postSolution
		{6929ABF1-1820-4076-A571-9C838B636D96}.Debug|Any CPU.ActiveCfg = Debug|Any CPU
		{6929ABF1-1820-4076-A571-9C838B636D96}.Debug|Any CPU.Build.0 = Debug|Any CPU
		{6929ABF1-1820-4076-A571-9C838B636D96}.Release|Any CPU.ActiveCfg = Release|Any CPU
		{6929ABF1-1820-4076-A571-9C838B636D96}.Release|Any CPU.Build.0 = Release|Any CPU
		{739F05EC-238E-4CA2-9664-391C15C1F014}.Debug|Any CPU.ActiveCfg = Debug|Any CPU
		{739F05EC-238E-4CA2-9664-391C15C1F014}.Debug|Any CPU.Build.0 = Debug|Any CPU
		{739F05EC-238E-4CA2-9664-391C15C1F014}.Release|Any CPU.ActiveCfg = Release|Any CPU
		{739F05EC-238E-4CA2-9664-391C15C1F014}.Release|Any CPU.Build.0 = Release|Any CPU
		{C47E8F0F-020D-484A-8B1F-9E7EEC30423A}.Debug|Any CPU.ActiveCfg = Debug|Any CPU
		{C47E8F0F-020D-484A-8B1F-9E7EEC30423A}.Debug|Any CPU.Build.0 = Debug|Any CPU
		{C47E8F0F-020D-484A-8B1F-9E7EEC30423A}.Release|Any CPU.ActiveCfg = Release|Any CPU
		{C47E8F0F-020D-484A-8B1F-9E7EEC30423A}.Release|Any CPU.Build.0 = Release|Any CPU
		{D42240E3-4B53-4F05-AA56-BA11ABF9A194}.Debug|Any CPU.ActiveCfg = Debug|Any CPU
		{D42240E3-4B53-4F05-AA56-BA11ABF9A194}.Debug|Any CPU.Build.0 = Debug|Any CPU
		{D42240E3-4B53-4F05-AA56-BA11ABF9A194}.Release|Any CPU.ActiveCfg = Release|Any CPU
		{D42240E3-4B53-4F05-AA56-BA11ABF9A194}.Release|Any CPU.Build.0 = Release|Any CPU
		{F0E73E4F-1AF3-4795-93C1-5D768EDD5583}.Debug|Any CPU.ActiveCfg = Debug|Any CPU
		{F0E73E4F-1AF3-4795-93C1-5D768EDD5583}.Debug|Any CPU.Build.0 = Debug|Any CPU
		{F0E73E4F-1AF3-4795-93C1-5D768EDD5583}.Release|Any CPU.ActiveCfg = Release|Any CPU
		{F0E73E4F-1AF3-4795-93C1-5D768EDD5583}.Release|Any CPU.Build.0 = Release|Any CPU
		{60B82FC4-56A2-4C89-806E-7FBAF6357D4A}.Debug|Any CPU.ActiveCfg = Debug|Any CPU
		{60B82FC4-56A2-4C89-806E-7FBAF6357D4A}.Debug|Any CPU.Build.0 = Debug|Any CPU
		{60B82FC4-56A2-4C89-806E-7FBAF6357D4A}.Release|Any CPU.ActiveCfg = Release|Any CPU
		{60B82FC4-56A2-4C89-806E-7FBAF6357D4A}.Release|Any CPU.Build.0 = Release|Any CPU
	EndGlobalSection
	GlobalSection(SolutionProperties) = preSolution
		HideSolutionNode = FALSE
	EndGlobalSection
	GlobalSection(NestedProjects) = preSolution
		{6929ABF1-1820-4076-A571-9C838B636D96} = {CE7A2198-5A09-4666-9202-D8B36EB3160C}
		{739F05EC-238E-4CA2-9664-391C15C1F014} = {90434482-5728-4FE6-9EB9-44B0C66820E8}
		{C47E8F0F-020D-484A-8B1F-9E7EEC30423A} = {90434482-5728-4FE6-9EB9-44B0C66820E8}
		{60B82FC4-56A2-4C89-806E-7FBAF6357D4A} = {90434482-5728-4FE6-9EB9-44B0C66820E8}
	EndGlobalSection
	GlobalSection(ExtensibilityGlobals) = postSolution
		SolutionGuid = {CD8DE82A-9184-47E7-9770-A5B2F5E01699}
	EndGlobalSection
EndGlobal
